// !$*UTF8*$!
{
	archiveVersion = 1;
	classes = {
	};
	objectVersion = 46;
	objects = {

/* Begin PBXBuildFile section */
		60DD6D131D687391001D782A /* main.m in Sources */ = {isa = PBXBuildFile; fileRef = 60DD6D121D687391001D782A /* main.m */; };
		60DD6D161D687391001D782A /* AppDelegate.m in Sources */ = {isa = PBXBuildFile; fileRef = 60DD6D151D687391001D782A /* AppDelegate.m */; };
		60DD6D191D687391001D782A /* ViewController.m in Sources */ = {isa = PBXBuildFile; fileRef = 60DD6D181D687391001D782A /* ViewController.m */; };
		60DD6D1C1D687391001D782A /* Main.storyboard in Resources */ = {isa = PBXBuildFile; fileRef = 60DD6D1A1D687391001D782A /* Main.storyboard */; };
		60DD6D1E1D687391001D782A /* Assets.xcassets in Resources */ = {isa = PBXBuildFile; fileRef = 60DD6D1D1D687391001D782A /* Assets.xcassets */; };
		60DD6D211D687391001D782A /* LaunchScreen.storyboard in Resources */ = {isa = PBXBuildFile; fileRef = 60DD6D1F1D687391001D782A /* LaunchScreen.storyboard */; };
		60DD6D2C1D687391001D782A /* PQSimpleDrawingBoardTests.m in Sources */ = {isa = PBXBuildFile; fileRef = 60DD6D2B1D687391001D782A /* PQSimpleDrawingBoardTests.m */; };
		60DD6D371D687392001D782A /* PQSimpleDrawingBoardUITests.m in Sources */ = {isa = PBXBuildFile; fileRef = 60DD6D361D687392001D782A /* PQSimpleDrawingBoardUITests.m */; };
		81699C311D6ACD230090F240 /* PQDrawingBoardView.m in Sources */ = {isa = PBXBuildFile; fileRef = 81699C301D6ACD230090F240 /* PQDrawingBoardView.m */; };
		81699C341D6ACDCE0090F240 /* PQChioseColorView.m in Sources */ = {isa = PBXBuildFile; fileRef = 81699C331D6ACDCE0090F240 /* PQChioseColorView.m */; };
		81699C371D6ACF770090F240 /* UIView+pgqViewExtension.m in Sources */ = {isa = PBXBuildFile; fileRef = 81699C361D6ACF770090F240 /* UIView+pgqViewExtension.m */; };
		81699C3A1D6AE8180090F240 /* PQToolBarTop.m in Sources */ = {isa = PBXBuildFile; fileRef = 81699C391D6AE8180090F240 /* PQToolBarTop.m */; };
		81699C3D1D6AE8460090F240 /* PQToolBarBottom.m in Sources */ = {isa = PBXBuildFile; fileRef = 81699C3C1D6AE8460090F240 /* PQToolBarBottom.m */; };
		81699C401D6AE8610090F240 /* PQToolView.m in Sources */ = {isa = PBXBuildFile; fileRef = 81699C3F1D6AE8610090F240 /* PQToolView.m */; };
/* End PBXBuildFile section */

/* Begin PBXContainerItemProxy section */
		60DD6D281D687391001D782A /* PBXContainerItemProxy */ = {
			isa = PBXContainerItemProxy;
			containerPortal = 60DD6D061D687391001D782A /* Project object */;
			proxyType = 1;
			remoteGlobalIDString = 60DD6D0D1D687391001D782A;
			remoteInfo = PQSimpleDrawingBoard;
		};
		60DD6D331D687392001D782A /* PBXContainerItemProxy */ = {
			isa = PBXContainerItemProxy;
			containerPortal = 60DD6D061D687391001D782A /* Project object */;
			proxyType = 1;
			remoteGlobalIDString = 60DD6D0D1D687391001D782A;
			remoteInfo = PQSimpleDrawingBoard;
		};
/* End PBXContainerItemProxy section */

/* Begin PBXFileReference section */
		60DD6D0E1D687391001D782A /* PQSimpleDrawingBoard.app */ = {isa = PBXFileReference; explicitFileType = wrapper.application; includeInIndex = 0; path = PQSimpleDrawingBoard.app; sourceTree = BUILT_PRODUCTS_DIR; };
		60DD6D121D687391001D782A /* main.m */ = {isa = PBXFileReference; lastKnownFileType = sourcecode.c.objc; path = main.m; sourceTree = "<group>"; };
		60DD6D141D687391001D782A /* AppDelegate.h */ = {isa = PBXFileReference; lastKnownFileType = sourcecode.c.h; path = AppDelegate.h; sourceTree = "<group>"; };
		60DD6D151D687391001D782A /* AppDelegate.m */ = {isa = PBXFileReference; lastKnownFileType = sourcecode.c.objc; path = AppDelegate.m; sourceTree = "<group>"; };
		60DD6D171D687391001D782A /* ViewController.h */ = {isa = PBXFileReference; lastKnownFileType = sourcecode.c.h; path = ViewController.h; sourceTree = "<group>"; };
		60DD6D181D687391001D782A /* ViewController.m */ = {isa = PBXFileReference; lastKnownFileType = sourcecode.c.objc; path = ViewController.m; sourceTree = "<group>"; };
		60DD6D1B1D687391001D782A /* Base */ = {isa = PBXFileReference; lastKnownFileType = file.storyboard; name = Base; path = Base.lproj/Main.storyboard; sourceTree = "<group>"; };
		60DD6D1D1D687391001D782A /* Assets.xcassets */ = {isa = PBXFileReference; lastKnownFileType = folder.assetcatalog; path = Assets.xcassets; sourceTree = "<group>"; };
		60DD6D201D687391001D782A /* Base */ = {isa = PBXFileReference; lastKnownFileType = file.storyboard; name = Base; path = Base.lproj/LaunchScreen.storyboard; sourceTree = "<group>"; };
		60DD6D221D687391001D782A /* Info.plist */ = {isa = PBXFileReference; lastKnownFileType = text.plist.xml; path = Info.plist; sourceTree = "<group>"; };
		60DD6D271D687391001D782A /* PQSimpleDrawingBoardTests.xctest */ = {isa = PBXFileReference; explicitFileType = wrapper.cfbundle; includeInIndex = 0; path = PQSimpleDrawingBoardTests.xctest; sourceTree = BUILT_PRODUCTS_DIR; };
		60DD6D2B1D687391001D782A /* PQSimpleDrawingBoardTests.m */ = {isa = PBXFileReference; lastKnownFileType = sourcecode.c.objc; path = PQSimpleDrawingBoardTests.m; sourceTree = "<group>"; };
		60DD6D2D1D687391001D782A /* Info.plist */ = {isa = PBXFileReference; lastKnownFileType = text.plist.xml; path = Info.plist; sourceTree = "<group>"; };
		60DD6D321D687392001D782A /* PQSimpleDrawingBoardUITests.xctest */ = {isa = PBXFileReference; explicitFileType = wrapper.cfbundle; includeInIndex = 0; path = PQSimpleDrawingBoardUITests.xctest; sourceTree = BUILT_PRODUCTS_DIR; };
		60DD6D361D687392001D782A /* PQSimpleDrawingBoardUITests.m */ = {isa = PBXFileReference; lastKnownFileType = sourcecode.c.objc; path = PQSimpleDrawingBoardUITests.m; sourceTree = "<group>"; };
		60DD6D381D687392001D782A /* Info.plist */ = {isa = PBXFileReference; lastKnownFileType = text.plist.xml; path = Info.plist; sourceTree = "<group>"; };
		81699C2F1D6ACD230090F240 /* PQDrawingBoardView.h */ = {isa = PBXFileReference; fileEncoding = 4; lastKnownFileType = sourcecode.c.h; path = PQDrawingBoardView.h; sourceTree = "<group>"; };
		81699C301D6ACD230090F240 /* PQDrawingBoardView.m */ = {isa = PBXFileReference; fileEncoding = 4; lastKnownFileType = sourcecode.c.objc; path = PQDrawingBoardView.m; sourceTree = "<group>"; };
		81699C321D6ACDCE0090F240 /* PQChioseColorView.h */ = {isa = PBXFileReference; fileEncoding = 4; lastKnownFileType = sourcecode.c.h; path = PQChioseColorView.h; sourceTree = "<group>"; };
		81699C331D6ACDCE0090F240 /* PQChioseColorView.m */ = {isa = PBXFileReference; fileEncoding = 4; lastKnownFileType = sourcecode.c.objc; path = PQChioseColorView.m; sourceTree = "<group>"; };
		81699C351D6ACF770090F240 /* UIView+pgqViewExtension.h */ = {isa = PBXFileReference; fileEncoding = 4; lastKnownFileType = sourcecode.c.h; path = "UIView+pgqViewExtension.h"; sourceTree = "<group>"; };
		81699C361D6ACF770090F240 /* UIView+pgqViewExtension.m */ = {isa = PBXFileReference; fileEncoding = 4; lastKnownFileType = sourcecode.c.objc; path = "UIView+pgqViewExtension.m"; sourceTree = "<group>"; };
		81699C381D6AE8180090F240 /* PQToolBarTop.h */ = {isa = PBXFileReference; fileEncoding = 4; lastKnownFileType = sourcecode.c.h; path = PQToolBarTop.h; sourceTree = "<group>"; };
		81699C391D6AE8180090F240 /* PQToolBarTop.m */ = {isa = PBXFileReference; fileEncoding = 4; lastKnownFileType = sourcecode.c.objc; path = PQToolBarTop.m; sourceTree = "<group>"; };
		81699C3B1D6AE8460090F240 /* PQToolBarBottom.h */ = {isa = PBXFileReference; fileEncoding = 4; lastKnownFileType = sourcecode.c.h; path = PQToolBarBottom.h; sourceTree = "<group>"; };
		81699C3C1D6AE8460090F240 /* PQToolBarBottom.m */ = {isa = PBXFileReference; fileEncoding = 4; lastKnownFileType = sourcecode.c.objc; path = PQToolBarBottom.m; sourceTree = "<group>"; };
		81699C3E1D6AE8610090F240 /* PQToolView.h */ = {isa = PBXFileReference; fileEncoding = 4; lastKnownFileType = sourcecode.c.h; path = PQToolView.h; sourceTree = "<group>"; };
		81699C3F1D6AE8610090F240 /* PQToolView.m */ = {isa = PBXFileReference; fileEncoding = 4; lastKnownFileType = sourcecode.c.objc; path = PQToolView.m; sourceTree = "<group>"; };
/* End PBXFileReference section */

/* Begin PBXFrameworksBuildPhase section */
		60DD6D0B1D687391001D782A /* Frameworks */ = {
			isa = PBXFrameworksBuildPhase;
			buildActionMask = 2147483647;
			files = (
			);
			runOnlyForDeploymentPostprocessing = 0;
		};
		60DD6D241D687391001D782A /* Frameworks */ = {
			isa = PBXFrameworksBuildPhase;
			buildActionMask = 2147483647;
			files = (
			);
			runOnlyForDeploymentPostprocessing = 0;
		};
		60DD6D2F1D687392001D782A /* Frameworks */ = {
			isa = PBXFrameworksBuildPhase;
			buildActionMask = 2147483647;
			files = (
			);
			runOnlyForDeploymentPostprocessing = 0;
		};
/* End PBXFrameworksBuildPhase section */

/* Begin PBXGroup section */
		60DD6D051D687391001D782A = {
			isa = PBXGroup;
			children = (
				60DD6D101D687391001D782A /* PQSimpleDrawingBoard */,
				60DD6D2A1D687391001D782A /* PQSimpleDrawingBoardTests */,
				60DD6D351D687392001D782A /* PQSimpleDrawingBoardUITests */,
				60DD6D0F1D687391001D782A /* Products */,
			);
			sourceTree = "<group>";
		};
		60DD6D0F1D687391001D782A /* Products */ = {
			isa = PBXGroup;
			children = (
				60DD6D0E1D687391001D782A /* PQSimpleDrawingBoard.app */,
				60DD6D271D687391001D782A /* PQSimpleDrawingBoardTests.xctest */,
				60DD6D321D687392001D782A /* PQSimpleDrawingBoardUITests.xctest */,
			);
			name = Products;
			sourceTree = "<group>";
		};
		60DD6D101D687391001D782A /* PQSimpleDrawingBoard */ = {
			isa = PBXGroup;
			children = (
				81699C2E1D6ACBCA0090F240 /* draw */,
				60DD6D141D687391001D782A /* AppDelegate.h */,
				60DD6D151D687391001D782A /* AppDelegate.m */,
				60DD6D171D687391001D782A /* ViewController.h */,
				60DD6D181D687391001D782A /* ViewController.m */,
				60DD6D1A1D687391001D782A /* Main.storyboard */,
				60DD6D1D1D687391001D782A /* Assets.xcassets */,
				60DD6D1F1D687391001D782A /* LaunchScreen.storyboard */,
				60DD6D221D687391001D782A /* Info.plist */,
				60DD6D111D687391001D782A /* Supporting Files */,
			);
			path = PQSimpleDrawingBoard;
			sourceTree = "<group>";
		};
		60DD6D111D687391001D782A /* Supporting Files */ = {
			isa = PBXGroup;
			children = (
				60DD6D121D687391001D782A /* main.m */,
			);
			name = "Supporting Files";
			sourceTree = "<group>";
		};
		60DD6D2A1D687391001D782A /* PQSimpleDrawingBoardTests */ = {
			isa = PBXGroup;
			children = (
				60DD6D2B1D687391001D782A /* PQSimpleDrawingBoardTests.m */,
				60DD6D2D1D687391001D782A /* Info.plist */,
			);
			path = PQSimpleDrawingBoardTests;
			sourceTree = "<group>";
		};
		60DD6D351D687392001D782A /* PQSimpleDrawingBoardUITests */ = {
			isa = PBXGroup;
			children = (
				60DD6D361D687392001D782A /* PQSimpleDrawingBoardUITests.m */,
				60DD6D381D687392001D782A /* Info.plist */,
			);
			path = PQSimpleDrawingBoardUITests;
			sourceTree = "<group>";
		};
		81699C2E1D6ACBCA0090F240 /* draw */ = {
			isa = PBXGroup;
			children = (
				81699C351D6ACF770090F240 /* UIView+pgqViewExtension.h */,
				81699C361D6ACF770090F240 /* UIView+pgqViewExtension.m */,
				81699C2F1D6ACD230090F240 /* PQDrawingBoardView.h */,
				81699C301D6ACD230090F240 /* PQDrawingBoardView.m */,
				81699C321D6ACDCE0090F240 /* PQChioseColorView.h */,
				81699C331D6ACDCE0090F240 /* PQChioseColorView.m */,
				81699C381D6AE8180090F240 /* PQToolBarTop.h */,
				81699C391D6AE8180090F240 /* PQToolBarTop.m */,
				81699C3B1D6AE8460090F240 /* PQToolBarBottom.h */,
				81699C3C1D6AE8460090F240 /* PQToolBarBottom.m */,
				81699C3E1D6AE8610090F240 /* PQToolView.h */,
				81699C3F1D6AE8610090F240 /* PQToolView.m */,
			);
			path = draw;
			sourceTree = "<group>";
		};
/* End PBXGroup section */

/* Begin PBXNativeTarget section */
		60DD6D0D1D687391001D782A /* PQSimpleDrawingBoard */ = {
			isa = PBXNativeTarget;
			buildConfigurationList = 60DD6D3B1D687392001D782A /* Build configuration list for PBXNativeTarget "PQSimpleDrawingBoard" */;
			buildPhases = (
				60DD6D0A1D687391001D782A /* Sources */,
				60DD6D0B1D687391001D782A /* Frameworks */,
				60DD6D0C1D687391001D782A /* Resources */,
			);
			buildRules = (
			);
			dependencies = (
			);
			name = PQSimpleDrawingBoard;
			productName = PQSimpleDrawingBoard;
			productReference = 60DD6D0E1D687391001D782A /* PQSimpleDrawingBoard.app */;
			productType = "com.apple.product-type.application";
		};
		60DD6D261D687391001D782A /* PQSimpleDrawingBoardTests */ = {
			isa = PBXNativeTarget;
			buildConfigurationList = 60DD6D3E1D687392001D782A /* Build configuration list for PBXNativeTarget "PQSimpleDrawingBoardTests" */;
			buildPhases = (
				60DD6D231D687391001D782A /* Sources */,
				60DD6D241D687391001D782A /* Frameworks */,
				60DD6D251D687391001D782A /* Resources */,
			);
			buildRules = (
			);
			dependencies = (
				60DD6D291D687391001D782A /* PBXTargetDependency */,
			);
			name = PQSimpleDrawingBoardTests;
			productName = PQSimpleDrawingBoardTests;
			productReference = 60DD6D271D687391001D782A /* PQSimpleDrawingBoardTests.xctest */;
			productType = "com.apple.product-type.bundle.unit-test";
		};
		60DD6D311D687392001D782A /* PQSimpleDrawingBoardUITests */ = {
			isa = PBXNativeTarget;
			buildConfigurationList = 60DD6D411D687392001D782A /* Build configuration list for PBXNativeTarget "PQSimpleDrawingBoardUITests" */;
			buildPhases = (
				60DD6D2E1D687392001D782A /* Sources */,
				60DD6D2F1D687392001D782A /* Frameworks */,
				60DD6D301D687392001D782A /* Resources */,
			);
			buildRules = (
			);
			dependencies = (
				60DD6D341D687392001D782A /* PBXTargetDependency */,
			);
			name = PQSimpleDrawingBoardUITests;
			productName = PQSimpleDrawingBoardUITests;
			productReference = 60DD6D321D687392001D782A /* PQSimpleDrawingBoardUITests.xctest */;
			productType = "com.apple.product-type.bundle.ui-testing";
		};
/* End PBXNativeTarget section */

/* Begin PBXProject section */
		60DD6D061D687391001D782A /* Project object */ = {
			isa = PBXProject;
			attributes = {
				LastUpgradeCheck = 0720;
				ORGANIZATIONNAME = PQ;
				TargetAttributes = {
					60DD6D0D1D687391001D782A = {
						CreatedOnToolsVersion = 7.2;
					};
					60DD6D261D687391001D782A = {
						CreatedOnToolsVersion = 7.2;
						TestTargetID = 60DD6D0D1D687391001D782A;
					};
					60DD6D311D687392001D782A = {
						CreatedOnToolsVersion = 7.2;
						TestTargetID = 60DD6D0D1D687391001D782A;
					};
				};
			};
			buildConfigurationList = 60DD6D091D687391001D782A /* Build configuration list for PBXProject "PQSimpleDrawingBoard" */;
			compatibilityVersion = "Xcode 3.2";
			developmentRegion = English;
			hasScannedForEncodings = 0;
			knownRegions = (
				en,
				Base,
			);
			mainGroup = 60DD6D051D687391001D782A;
			productRefGroup = 60DD6D0F1D687391001D782A /* Products */;
			projectDirPath = "";
			projectRoot = "";
			targets = (
				60DD6D0D1D687391001D782A /* PQSimpleDrawingBoard */,
				60DD6D261D687391001D782A /* PQSimpleDrawingBoardTests */,
				60DD6D311D687392001D782A /* PQSimpleDrawingBoardUITests */,
			);
		};
/* End PBXProject section */

/* Begin PBXResourcesBuildPhase section */
		60DD6D0C1D687391001D782A /* Resources */ = {
			isa = PBXResourcesBuildPhase;
			buildActionMask = 2147483647;
			files = (
				60DD6D211D687391001D782A /* LaunchScreen.storyboard in Resources */,
				60DD6D1E1D687391001D782A /* Assets.xcassets in Resources */,
				60DD6D1C1D687391001D782A /* Main.storyboard in Resources */,
			);
			runOnlyForDeploymentPostprocessing = 0;
		};
		60DD6D251D687391001D782A /* Resources */ = {
			isa = PBXResourcesBuildPhase;
			buildActionMask = 2147483647;
			files = (
			);
			runOnlyForDeploymentPostprocessing = 0;
		};
		60DD6D301D687392001D782A /* Resources */ = {
			isa = PBXResourcesBuildPhase;
			buildActionMask = 2147483647;
			files = (
			);
			runOnlyForDeploymentPostprocessing = 0;
		};
/* End PBXResourcesBuildPhase section */

/* Begin PBXSourcesBuildPhase section */
		60DD6D0A1D687391001D782A /* Sources */ = {
			isa = PBXSourcesBuildPhase;
			buildActionMask = 2147483647;
			files = (
				60DD6D191D687391001D782A /* ViewController.m in Sources */,
				81699C401D6AE8610090F240 /* PQToolView.m in Sources */,
				81699C341D6ACDCE0090F240 /* PQChioseColorView.m in Sources */,
				60DD6D161D687391001D782A /* AppDelegate.m in Sources */,
				60DD6D131D687391001D782A /* main.m in Sources */,
				81699C3A1D6AE8180090F240 /* PQToolBarTop.m in Sources */,
				81699C3D1D6AE8460090F240 /* PQToolBarBottom.m in Sources */,
				81699C371D6ACF770090F240 /* UIView+pgqViewExtension.m in Sources */,
				81699C311D6ACD230090F240 /* PQDrawingBoardView.m in Sources */,
			);
			runOnlyForDeploymentPostprocessing = 0;
		};
		60DD6D231D687391001D782A /* Sources */ = {
			isa = PBXSourcesBuildPhase;
			buildActionMask = 2147483647;
			files = (
				60DD6D2C1D687391001D782A /* PQSimpleDrawingBoardTests.m in Sources */,
			);
			runOnlyForDeploymentPostprocessing = 0;
		};
		60DD6D2E1D687392001D782A /* Sources */ = {
			isa = PBXSourcesBuildPhase;
			buildActionMask = 2147483647;
			files = (
				60DD6D371D687392001D782A /* PQSimpleDrawingBoardUITests.m in Sources */,
			);
			runOnlyForDeploymentPostprocessing = 0;
		};
/* End PBXSourcesBuildPhase section */

/* Begin PBXTargetDependency section */
		60DD6D291D687391001D782A /* PBXTargetDependency */ = {
			isa = PBXTargetDependency;
			target = 60DD6D0D1D687391001D782A /* PQSimpleDrawingBoard */;
			targetProxy = 60DD6D281D687391001D782A /* PBXContainerItemProxy */;
		};
		60DD6D341D687392001D782A /* PBXTargetDependency */ = {
			isa = PBXTargetDependency;
			target = 60DD6D0D1D687391001D782A /* PQSimpleDrawingBoard */;
			targetProxy = 60DD6D331D687392001D782A /* PBXContainerItemProxy */;
		};
/* End PBXTargetDependency section */

/* Begin PBXVariantGroup section */
		60DD6D1A1D687391001D782A /* Main.storyboard */ = {
			isa = PBXVariantGroup;
			children = (
				60DD6D1B1D687391001D782A /* Base */,
			);
			name = Main.storyboard;
			sourceTree = "<group>";
		};
		60DD6D1F1D687391001D782A /* LaunchScreen.storyboard */ = {
			isa = PBXVariantGroup;
			children = (
				60DD6D201D687391001D782A /* Base */,
			);
			name = LaunchScreen.storyboard;
			sourceTree = "<group>";
		};
/* End PBXVariantGroup section */

/* Begin XCBuildConfiguration section */
		60DD6D391D687392001D782A /* Debug */ = {
			isa = XCBuildConfiguration;
			buildSettings = {
				ALWAYS_SEARCH_USER_PATHS = NO;
				CLANG_CXX_LANGUAGE_STANDARD = "gnu++0x";
				CLANG_CXX_LIBRARY = "libc++";
				CLANG_ENABLE_MODULES = YES;
				CLANG_ENABLE_OBJC_ARC = YES;
				CLANG_WARN_BOOL_CONVERSION = YES;
				CLANG_WARN_CONSTANT_CONVERSION = YES;
				CLANG_WARN_DIRECT_OBJC_ISA_USAGE = YES_ERROR;
				CLANG_WARN_EMPTY_BODY = YES;
				CLANG_WARN_ENUM_CONVERSION = YES;
				CLANG_WARN_INT_CONVERSION = YES;
				CLANG_WARN_OBJC_ROOT_CLASS = YES_ERROR;
				CLANG_WARN_UNREACHABLE_CODE = YES;
				CLANG_WARN__DUPLICATE_METHOD_MATCH = YES;
				"CODE_SIGN_IDENTITY[sdk=iphoneos*]" = "iPhone Developer";
				COPY_PHASE_STRIP = NO;
				DEBUG_INFORMATION_FORMAT = dwarf;
				ENABLE_STRICT_OBJC_MSGSEND = YES;
				ENABLE_TESTABILITY = YES;
				GCC_C_LANGUAGE_STANDARD = gnu99;
				GCC_DYNAMIC_NO_PIC = NO;
				GCC_NO_COMMON_BLOCKS = YES;
				GCC_OPTIMIZATION_LEVEL = 0;
				GCC_PREPROCESSOR_DEFINITIONS = (
					"DEBUG=1",
					"$(inherited)",
				);
				GCC_WARN_64_TO_32_BIT_CONVERSION = YES;
				GCC_WARN_ABOUT_RETURN_TYPE = YES_ERROR;
				GCC_WARN_UNDECLARED_SELECTOR = YES;
				GCC_WARN_UNINITIALIZED_AUTOS = YES_AGGRESSIVE;
				GCC_WARN_UNUSED_FUNCTION = YES;
				GCC_WARN_UNUSED_VARIABLE = YES;
				IPHONEOS_DEPLOYMENT_TARGET = 9.2;
				MTL_ENABLE_DEBUG_INFO = YES;
				ONLY_ACTIVE_ARCH = YES;
				SDKROOT = iphoneos;
				TARGETED_DEVICE_FAMILY = "1,2";
			};
			name = Debug;
		};
		60DD6D3A1D687392001D782A /* Release */ = {
			isa = XCBuildConfiguration;
			buildSettings = {
				ALWAYS_SEARCH_USER_PATHS = NO;
				CLANG_CXX_LANGUAGE_STANDARD = "gnu++0x";
				CLANG_CXX_LIBRARY = "libc++";
				CLANG_ENABLE_MODULES = YES;
				CLANG_ENABLE_OBJC_ARC = YES;
				CLANG_WARN_BOOL_CONVERSION = YES;
				CLANG_WARN_CONSTANT_CONVERSION = YES;
				CLANG_WARN_DIRECT_OBJC_ISA_USAGE = YES_ERROR;
				CLANG_WARN_EMPTY_BODY = YES;
				CLANG_WARN_ENUM_CONVERSION = YES;
				CLANG_WARN_INT_CONVERSION = YES;
				CLANG_WARN_OBJC_ROOT_CLASS = YES_ERROR;
				CLANG_WARN_UNREACHABLE_CODE = YES;
				CLANG_WARN__DUPLICATE_METHOD_MATCH = YES;
				"CODE_SIGN_IDENTITY[sdk=iphoneos*]" = "iPhone Developer";
				COPY_PHASE_STRIP = NO;
				DEBUG_INFORMATION_FORMAT = "dwarf-with-dsym";
				ENABLE_NS_ASSERTIONS = NO;
				ENABLE_STRICT_OBJC_MSGSEND = YES;
				GCC_C_LANGUAGE_STANDARD = gnu99;
				GCC_NO_COMMON_BLOCKS = YES;
				GCC_WARN_64_TO_32_BIT_CONVERSION = YES;
				GCC_WARN_ABOUT_RETURN_TYPE = YES_ERROR;
				GCC_WARN_UNDECLARED_SELECTOR = YES;
				GCC_WARN_UNINITIALIZED_AUTOS = YES_AGGRESSIVE;
				GCC_WARN_UNUSED_FUNCTION = YES;
				GCC_WARN_UNUSED_VARIABLE = YES;
				IPHONEOS_DEPLOYMENT_TARGET = 9.2;
				MTL_ENABLE_DEBUG_INFO = NO;
				SDKROOT = iphoneos;
				TARGETED_DEVICE_FAMILY = "1,2";
				VALIDATE_PRODUCT = YES;
			};
			name = Release;
		};
		60DD6D3C1D687392001D782A /* Debug */ = {
			isa = XCBuildConfiguration;
			buildSettings = {
				ASSETCATALOG_COMPILER_APPICON_NAME = AppIcon;
				INFOPLIST_FILE = PQSimpleDrawingBoard/Info.plist;
				LD_RUNPATH_SEARCH_PATHS = "$(inherited) @executable_path/Frameworks";
				PRODUCT_BUNDLE_IDENTIFIER = codepgq.PQSimpleDrawingBoard;
				PRODUCT_NAME = "$(TARGET_NAME)";
			};
			name = Debug;
		};
		60DD6D3D1D687392001D782A /* Release */ = {
			isa = XCBuildConfiguration;
			buildSettings = {
				ASSETCATALOG_COMPILER_APPICON_NAME = AppIcon;
				INFOPLIST_FILE = PQSimpleDrawingBoard/Info.plist;
				LD_RUNPATH_SEARCH_PATHS = "$(inherited) @executable_path/Frameworks";
				PRODUCT_BUNDLE_IDENTIFIER = codepgq.PQSimpleDrawingBoard;
				PRODUCT_NAME = "$(TARGET_NAME)";
			};
			name = Release;
		};
		60DD6D3F1D687392001D782A /* Debug */ = {
			isa = XCBuildConfiguration;
			buildSettings = {
				BUNDLE_LOADER = "$(TEST_HOST)";
				INFOPLIST_FILE = PQSimpleDrawingBoardTests/Info.plist;
				LD_RUNPATH_SEARCH_PATHS = "$(inherited) @executable_path/Frameworks @loader_path/Frameworks";
				PRODUCT_BUNDLE_IDENTIFIER = codepgq.PQSimpleDrawingBoardTests;
				PRODUCT_NAME = "$(TARGET_NAME)";
				TEST_HOST = "$(BUILT_PRODUCTS_DIR)/PQSimpleDrawingBoard.app/PQSimpleDrawingBoard";
			};
			name = Debug;
		};
		60DD6D401D687392001D782A /* Release */ = {
			isa = XCBuildConfiguration;
			buildSettings = {
				BUNDLE_LOADER = "$(TEST_HOST)";
				INFOPLIST_FILE = PQSimpleDrawingBoardTests/Info.plist;
				LD_RUNPATH_SEARCH_PATHS = "$(inherited) @executable_path/Frameworks @loader_path/Frameworks";
				PRODUCT_BUNDLE_IDENTIFIER = codepgq.PQSimpleDrawingBoardTests;
				PRODUCT_NAME = "$(TARGET_NAME)";
				TEST_HOST = "$(BUILT_PRODUCTS_DIR)/PQSimpleDrawingBoard.app/PQSimpleDrawingBoard";
			};
			name = Release;
		};
		60DD6D421D687392001D782A /* Debug */ = {
			isa = XCBuildConfiguration;
			buildSettings = {
				INFOPLIST_FILE = PQSimpleDrawingBoardUITests/Info.plist;
				LD_RUNPATH_SEARCH_PATHS = "$(inherited) @executable_path/Frameworks @loader_path/Frameworks";
				PRODUCT_BUNDLE_IDENTIFIER = codepgq.PQSimpleDrawingBoardUITests;
				PRODUCT_NAME = "$(TARGET_NAME)";
				TEST_TARGET_NAME = PQSimpleDrawingBoard;
				USES_XCTRUNNER = YES;
			};
			name = Debug;
		};
		60DD6D431D687392001D782A /* Release */ = {
			isa = XCBuildConfiguration;
			buildSettings = {
				INFOPLIST_FILE = PQSimpleDrawingBoardUITests/Info.plist;
				LD_RUNPATH_SEARCH_PATHS = "$(inherited) @executable_path/Frameworks @loader_path/Frameworks";
				PRODUCT_BUNDLE_IDENTIFIER = codepgq.PQSimpleDrawingBoardUITests;
				PRODUCT_NAME = "$(TARGET_NAME)";
				TEST_TARGET_NAME = PQSimpleDrawingBoard;
				USES_XCTRUNNER = YES;
			};
			name = Release;
		};
/* End XCBuildConfiguration section */

/* Begin XCConfigurationList section */
		60DD6D091D687391001D782A /* Build configuration list for PBXProject "PQSimpleDrawingBoard" */ = {
			isa = XCConfigurationList;
			buildConfigurations = (
				60DD6D391D687392001D782A /* Debug */,
				60DD6D3A1D687392001D782A /* Release */,
			);
			defaultConfigurationIsVisible = 0;
			defaultConfigurationName = Release;
		};
		60DD6D3B1D687392001D782A /* Build configuration list for PBXNativeTarget "PQSimpleDrawingBoard" */ = {
			isa = XCConfigurationList;
			buildConfigurations = (
				60DD6D3C1D687392001D782A /* Debug */,
				60DD6D3D1D687392001D782A /* Release */,
			);
			defaultConfigurationIsVisible = 0;
			defaultConfigurationName = Release;
		};
		60DD6D3E1D687392001D782A /* Build configuration list for PBXNativeTarget "PQSimpleDrawingBoardTests" */ = {
			isa = XCConfigurationList;
			buildConfigurations = (
				60DD6D3F1D687392001D782A /* Debug */,
				60DD6D401D687392001D782A /* Release */,
			);
			defaultConfigurationIsVisible = 0;
			defaultConfigurationName = Release;
		};
		60DD6D411D687392001D782A /* Build configuration list for PBXNativeTarget "PQSimpleDrawingBoardUITests" */ = {
			isa = XCConfigurationList;
			buildConfigurations = (
				60DD6D421D687392001D782A /* Debug */,
				60DD6D431D687392001D782A /* Release */,
			);
			defaultConfigurationIsVisible = 0;
			defaultConfigurationName = Release;
		};
/* End XCConfigurationList section */
	};
	rootObject = 60DD6D061D687391001D782A /* Project object */;
}
